
Microsoft Visual Studio Solution File, Format Version 12.00
# Visual Studio Version 16
VisualStudioVersion = 16.0.31105.61
MinimumVisualStudioVersion = 10.0.40219.1
Project("{9A19103F-16F7-4668-BE54-9A1E7A4F7556}") = "YeetOverFlow.Docs", "YeetOverFlow.Docs\YeetOverFlow.Docs.csproj", "{8AF24B0D-B10D-4944-87F0-9D0AA5222A6E}"
EndProject
Project("{2150E333-8FDC-42A3-9474-1A3956D46DE8}") = "0. Docs", "0. Docs", "{464CC77B-8BE4-456A-AC9F-E1A63B748B5C}"
EndProject
Project("{2150E333-8FDC-42A3-9474-1A3956D46DE8}") = "6. Common", "6. Common", "{2BC1ACC4-79A0-4563-8B5F-A5AFD0D06677}"
EndProject
Project("{9A19103F-16F7-4668-BE54-9A1E7A4F7556}") = "YeetOverFlow.Reflection", "YeetOverFlow.Reflection\YeetOverFlow.Reflection.csproj", "{6ED6962A-21B4-45AA-858F-FF35C1F533B3}"
EndProject
Project("{9A19103F-16F7-4668-BE54-9A1E7A4F7556}") = "YeetOverFlow.Strings", "YeetOverFlow.Strings\YeetOverFlow.Strings.csproj", "{F078FE26-4EE3-49BE-879A-D26284281231}"
EndProject
Project("{9A19103F-16F7-4668-BE54-9A1E7A4F7556}") = "YeetOverFlow.Logging", "YeetOverFlow.Logging\YeetOverFlow.Logging.csproj", "{37AC2120-E6BA-480F-BD96-42D663A6883B}"
EndProject
Project("{2150E333-8FDC-42A3-9474-1A3956D46DE8}") = "5. Domain", "5. Domain", "{C26C3329-E98F-4D9E-9FCE-FA51BBE4C4A1}"
EndProject
Project("{9A19103F-16F7-4668-BE54-9A1E7A4F7556}") = "YeetOverFlow.Core", "YeetOverFlow.Core\YeetOverFlow.Core.csproj", "{2A0B0189-D3B4-4208-8542-D02A83DAC908}"
EndProject
Project("{9A19103F-16F7-4668-BE54-9A1E7A4F7556}") = "YeetOverFlow.Core.Tests", "YeetOverFlow.Core.Tests\YeetOverFlow.Core.Tests.csproj", "{47ABDC5B-FA86-4B6E-852C-CFC4B79CEB33}"
EndProject
Project("{9A19103F-16F7-4668-BE54-9A1E7A4F7556}") = "YeetOverFlow.Settings", "YeetOverFlow.Settings\YeetOverFlow.Settings.csproj", "{0B755658-AD16-46DF-ACC9-F472CB2D5607}"
EndProject
Project("{9A19103F-16F7-4668-BE54-9A1E7A4F7556}") = "YeetOverFlow.Settings.Tests", "YeetOverFlow.Settings.Tests\YeetOverFlow.Settings.Tests.csproj", "{CD6B578F-40D3-40DF-9F3F-F1548C44819A}"
EndProject
Project("{2150E333-8FDC-42A3-9474-1A3956D46DE8}") = "4. Application", "4. Application", "{EB60D920-8165-4033-9D20-5BB2CD4F4B90}"
EndProject
Project("{FAE04EC0-301F-11D3-BF4B-00C04F79EFBC}") = "YeetOverFlow.Core.Application", "YeetOverFlow.Core.Application\YeetOverFlow.Core.Application.csproj", "{A6DE9A5B-FBE1-46E2-B141-11BA3DE07F9C}"
EndProject
Global
	GlobalSection(SolutionConfigurationPlatforms) = preSolution
		Debug|Any CPU = Debug|Any CPU
		Release|Any CPU = Release|Any CPU
	EndGlobalSection
	GlobalSection(ProjectConfigurationPlatforms) = postSolution
		{8AF24B0D-B10D-4944-87F0-9D0AA5222A6E}.Debug|Any CPU.ActiveCfg = Debug|Any CPU
		{8AF24B0D-B10D-4944-87F0-9D0AA5222A6E}.Debug|Any CPU.Build.0 = Debug|Any CPU
		{8AF24B0D-B10D-4944-87F0-9D0AA5222A6E}.Release|Any CPU.ActiveCfg = Release|Any CPU
		{8AF24B0D-B10D-4944-87F0-9D0AA5222A6E}.Release|Any CPU.Build.0 = Release|Any CPU
		{6ED6962A-21B4-45AA-858F-FF35C1F533B3}.Debug|Any CPU.ActiveCfg = Debug|Any CPU
		{6ED6962A-21B4-45AA-858F-FF35C1F533B3}.Debug|Any CPU.Build.0 = Debug|Any CPU
		{6ED6962A-21B4-45AA-858F-FF35C1F533B3}.Release|Any CPU.ActiveCfg = Release|Any CPU
		{6ED6962A-21B4-45AA-858F-FF35C1F533B3}.Release|Any CPU.Build.0 = Release|Any CPU
		{F078FE26-4EE3-49BE-879A-D26284281231}.Debug|Any CPU.ActiveCfg = Debug|Any CPU
		{F078FE26-4EE3-49BE-879A-D26284281231}.Debug|Any CPU.Build.0 = Debug|Any CPU
		{F078FE26-4EE3-49BE-879A-D26284281231}.Release|Any CPU.ActiveCfg = Release|Any CPU
		{F078FE26-4EE3-49BE-879A-D26284281231}.Release|Any CPU.Build.0 = Release|Any CPU
		{37AC2120-E6BA-480F-BD96-42D663A6883B}.Debug|Any CPU.ActiveCfg = Debug|Any CPU
		{37AC2120-E6BA-480F-BD96-42D663A6883B}.Debug|Any CPU.Build.0 = Debug|Any CPU
		{37AC2120-E6BA-480F-BD96-42D663A6883B}.Release|Any CPU.ActiveCfg = Release|Any CPU
		{37AC2120-E6BA-480F-BD96-42D663A6883B}.Release|Any CPU.Build.0 = Release|Any CPU
		{2A0B0189-D3B4-4208-8542-D02A83DAC908}.Debug|Any CPU.ActiveCfg = Debug|Any CPU
		{2A0B0189-D3B4-4208-8542-D02A83DAC908}.Debug|Any CPU.Build.0 = Debug|Any CPU
		{2A0B0189-D3B4-4208-8542-D02A83DAC908}.Release|Any CPU.ActiveCfg = Release|Any CPU
		{2A0B0189-D3B4-4208-8542-D02A83DAC908}.Release|Any CPU.Build.0 = Release|Any CPU
		{47ABDC5B-FA86-4B6E-852C-CFC4B79CEB33}.Debug|Any CPU.ActiveCfg = Debug|Any CPU
		{47ABDC5B-FA86-4B6E-852C-CFC4B79CEB33}.Debug|Any CPU.Build.0 = Debug|Any CPU
		{47ABDC5B-FA86-4B6E-852C-CFC4B79CEB33}.Release|Any CPU.ActiveCfg = Release|Any CPU
		{47ABDC5B-FA86-4B6E-852C-CFC4B79CEB33}.Release|Any CPU.Build.0 = Release|Any CPU
		{0B755658-AD16-46DF-ACC9-F472CB2D5607}.Debug|Any CPU.ActiveCfg = Debug|Any CPU
		{0B755658-AD16-46DF-ACC9-F472CB2D5607}.Debug|Any CPU.Build.0 = Debug|Any CPU
		{0B755658-AD16-46DF-ACC9-F472CB2D5607}.Release|Any CPU.ActiveCfg = Release|Any CPU
		{0B755658-AD16-46DF-ACC9-F472CB2D5607}.Release|Any CPU.Build.0 = Release|Any CPU
		{CD6B578F-40D3-40DF-9F3F-F1548C44819A}.Debug|Any CPU.ActiveCfg = Debug|Any CPU
		{CD6B578F-40D3-40DF-9F3F-F1548C44819A}.Debug|Any CPU.Build.0 = Debug|Any CPU
		{CD6B578F-40D3-40DF-9F3F-F1548C44819A}.Release|Any CPU.ActiveCfg = Release|Any CPU
		{CD6B578F-40D3-40DF-9F3F-F1548C44819A}.Release|Any CPU.Build.0 = Release|Any CPU
		{A6DE9A5B-FBE1-46E2-B141-11BA3DE07F9C}.Debug|Any CPU.ActiveCfg = Debug|Any CPU
		{A6DE9A5B-FBE1-46E2-B141-11BA3DE07F9C}.Debug|Any CPU.Build.0 = Debug|Any CPU
		{A6DE9A5B-FBE1-46E2-B141-11BA3DE07F9C}.Release|Any CPU.ActiveCfg = Release|Any CPU
		{A6DE9A5B-FBE1-46E2-B141-11BA3DE07F9C}.Release|Any CPU.Build.0 = Release|Any CPU
	EndGlobalSection
	GlobalSection(SolutionProperties) = preSolution
		HideSolutionNode = FALSE
	EndGlobalSection
	GlobalSection(NestedProjects) = preSolution
		{8AF24B0D-B10D-4944-87F0-9D0AA5222A6E} = {464CC77B-8BE4-456A-AC9F-E1A63B748B5C}
		{6ED6962A-21B4-45AA-858F-FF35C1F533B3} = {2BC1ACC4-79A0-4563-8B5F-A5AFD0D06677}
		{F078FE26-4EE3-49BE-879A-D26284281231} = {2BC1ACC4-79A0-4563-8B5F-A5AFD0D06677}
		{37AC2120-E6BA-480F-BD96-42D663A6883B} = {2BC1ACC4-79A0-4563-8B5F-A5AFD0D06677}
		{2A0B0189-D3B4-4208-8542-D02A83DAC908} = {C26C3329-E98F-4D9E-9FCE-FA51BBE4C4A1}
		{47ABDC5B-FA86-4B6E-852C-CFC4B79CEB33} = {C26C3329-E98F-4D9E-9FCE-FA51BBE4C4A1}
		{0B755658-AD16-46DF-ACC9-F472CB2D5607} = {C26C3329-E98F-4D9E-9FCE-FA51BBE4C4A1}
		{CD6B578F-40D3-40DF-9F3F-F1548C44819A} = {C26C3329-E98F-4D9E-9FCE-FA51BBE4C4A1}
		{A6DE9A5B-FBE1-46E2-B141-11BA3DE07F9C} = {EB60D920-8165-4033-9D20-5BB2CD4F4B90}
	EndGlobalSection
	GlobalSection(ExtensibilityGlobals) = postSolution
		SolutionGuid = {F96CC3E8-1159-4878-A367-7758DD2843A5}
	EndGlobalSection
EndGlobal
